// !$*UTF8*$!
{
	archiveVersion = 1;
	classes = {
	};
	objectVersion = 46;
	objects = {

/* Begin PBXBuildFile section */
		39A59B02193BC1D70083289F /* Foundation.framework in Frameworks */ = {isa = PBXBuildFile; fileRef = 39A59B01193BC1D70083289F /* Foundation.framework */; };
		39A59B04193BC1D70083289F /* CoreGraphics.framework in Frameworks */ = {isa = PBXBuildFile; fileRef = 39A59B03193BC1D70083289F /* CoreGraphics.framework */; };
		39A59B06193BC1D70083289F /* UIKit.framework in Frameworks */ = {isa = PBXBuildFile; fileRef = 39A59B05193BC1D70083289F /* UIKit.framework */; };
		39A59B0C193BC1D70083289F /* InfoPlist.strings in Resources */ = {isa = PBXBuildFile; fileRef = 39A59B0A193BC1D70083289F /* InfoPlist.strings */; };
		39A59B0E193BC1D70083289F /* main.m in Sources */ = {isa = PBXBuildFile; fileRef = 39A59B0D193BC1D70083289F /* main.m */; };
		39A59B12193BC1D70083289F /* MSAppDelegate.m in Sources */ = {isa = PBXBuildFile; fileRef = 39A59B11193BC1D70083289F /* MSAppDelegate.m */; };
		39A59B15193BC1D70083289F /* Main.storyboard in Resources */ = {isa = PBXBuildFile; fileRef = 39A59B13193BC1D70083289F /* Main.storyboard */; };
		39A59B18193BC1D70083289F /* MSViewController.m in Sources */ = {isa = PBXBuildFile; fileRef = 39A59B17193BC1D70083289F /* MSViewController.m */; };
		39A59B1A193BC1D70083289F /* Images.xcassets in Resources */ = {isa = PBXBuildFile; fileRef = 39A59B19193BC1D70083289F /* Images.xcassets */; };
		39A59B21193BC1D70083289F /* XCTest.framework in Frameworks */ = {isa = PBXBuildFile; fileRef = 39A59B20193BC1D70083289F /* XCTest.framework */; };
		39A59B22193BC1D70083289F /* Foundation.framework in Frameworks */ = {isa = PBXBuildFile; fileRef = 39A59B01193BC1D70083289F /* Foundation.framework */; };
		39A59B23193BC1D70083289F /* UIKit.framework in Frameworks */ = {isa = PBXBuildFile; fileRef = 39A59B05193BC1D70083289F /* UIKit.framework */; };
		39A59B2B193BC1D70083289F /* InfoPlist.strings in Resources */ = {isa = PBXBuildFile; fileRef = 39A59B29193BC1D70083289F /* InfoPlist.strings */; };
		39A59B2D193BC1D70083289F /* Drawing_a_HouseTests.m in Sources */ = {isa = PBXBuildFile; fileRef = 39A59B2C193BC1D70083289F /* Drawing_a_HouseTests.m */; };
/* End PBXBuildFile section */

/* Begin PBXContainerItemProxy section */
		39A59B24193BC1D70083289F /* PBXContainerItemProxy */ = {
			isa = PBXContainerItemProxy;
			containerPortal = 39A59AF6193BC1D70083289F /* Project object */;
			proxyType = 1;
			remoteGlobalIDString = 39A59AFD193BC1D70083289F;
			remoteInfo = "Drawing a House";
		};
/* End PBXContainerItemProxy section */

/* Begin PBXFileReference section */
		39A59AFE193BC1D70083289F /* Drawing a House.app */ = {isa = PBXFileReference; explicitFileType = wrapper.application; includeInIndex = 0; path = "Drawing a House.app"; sourceTree = BUILT_PRODUCTS_DIR; };
		39A59B01193BC1D70083289F /* Foundation.framework */ = {isa = PBXFileReference; lastKnownFileType = wrapper.framework; name = Foundation.framework; path = System/Library/Frameworks/Foundation.framework; sourceTree = SDKROOT; };
		39A59B03193BC1D70083289F /* CoreGraphics.framework */ = {isa = PBXFileReference; lastKnownFileType = wrapper.framework; name = CoreGraphics.framework; path = System/Library/Frameworks/CoreGraphics.framework; sourceTree = SDKROOT; };
		39A59B05193BC1D70083289F /* UIKit.framework */ = {isa = PBXFileReference; lastKnownFileType = wrapper.framework; name = UIKit.framework; path = System/Library/Frameworks/UIKit.framework; sourceTree = SDKROOT; };
		39A59B09193BC1D70083289F /* Drawing a House-Info.plist */ = {isa = PBXFileReference; lastKnownFileType = text.plist.xml; path = "Drawing a House-Info.plist"; sourceTree = "<group>"; };
		39A59B0B193BC1D70083289F /* en */ = {isa = PBXFileReference; lastKnownFileType = text.plist.strings; name = en; path = en.lproj/InfoPlist.strings; sourceTree = "<group>"; };
		39A59B0D193BC1D70083289F /* main.m */ = {isa = PBXFileReference; lastKnownFileType = sourcecode.c.objc; path = main.m; sourceTree = "<group>"; };
		39A59B0F193BC1D70083289F /* Drawing a House-Prefix.pch */ = {isa = PBXFileReference; lastKnownFileType = sourcecode.c.h; path = "Drawing a House-Prefix.pch"; sourceTree = "<group>"; };
		39A59B10193BC1D70083289F /* MSAppDelegate.h */ = {isa = PBXFileReference; lastKnownFileType = sourcecode.c.h; path = MSAppDelegate.h; sourceTree = "<group>"; };
		39A59B11193BC1D70083289F /* MSAppDelegate.m */ = {isa = PBXFileReference; lastKnownFileType = sourcecode.c.objc; path = MSAppDelegate.m; sourceTree = "<group>"; };
		39A59B14193BC1D70083289F /* Base */ = {isa = PBXFileReference; lastKnownFileType = file.storyboard; name = Base; path = Base.lproj/Main.storyboard; sourceTree = "<group>"; };
		39A59B16193BC1D70083289F /* MSViewController.h */ = {isa = PBXFileReference; lastKnownFileType = sourcecode.c.h; path = MSViewController.h; sourceTree = "<group>"; };
		39A59B17193BC1D70083289F /* MSViewController.m */ = {isa = PBXFileReference; lastKnownFileType = sourcecode.c.objc; path = MSViewController.m; sourceTree = "<group>"; };
		39A59B19193BC1D70083289F /* Images.xcassets */ = {isa = PBXFileReference; lastKnownFileType = folder.assetcatalog; path = Images.xcassets; sourceTree = "<group>"; };
		39A59B1F193BC1D70083289F /* Drawing a HouseTests.xctest */ = {isa = PBXFileReference; explicitFileType = wrapper.cfbundle; includeInIndex = 0; path = "Drawing a HouseTests.xctest"; sourceTree = BUILT_PRODUCTS_DIR; };
		39A59B20193BC1D70083289F /* XCTest.framework */ = {isa = PBXFileReference; lastKnownFileType = wrapper.framework; name = XCTest.framework; path = Library/Frameworks/XCTest.framework; sourceTree = DEVELOPER_DIR; };
		39A59B28193BC1D70083289F /* Drawing a HouseTests-Info.plist */ = {isa = PBXFileReference; lastKnownFileType = text.plist.xml; path = "Drawing a HouseTests-Info.plist"; sourceTree = "<group>"; };
		39A59B2A193BC1D70083289F /* en */ = {isa = PBXFileReference; lastKnownFileType = text.plist.strings; name = en; path = en.lproj/InfoPlist.strings; sourceTree = "<group>"; };
		39A59B2C193BC1D70083289F /* Drawing_a_HouseTests.m */ = {isa = PBXFileReference; lastKnownFileType = sourcecode.c.objc; path = Drawing_a_HouseTests.m; sourceTree = "<group>"; };
/* End PBXFileReference section */

/* Begin PBXFrameworksBuildPhase section */
		39A59AFB193BC1D70083289F /* Frameworks */ = {
			isa = PBXFrameworksBuildPhase;
			buildActionMask = 2147483647;
			files = (
				39A59B04193BC1D70083289F /* CoreGraphics.framework in Frameworks */,
				39A59B06193BC1D70083289F /* UIKit.framework in Frameworks */,
				39A59B02193BC1D70083289F /* Foundation.framework in Frameworks */,
			);
			runOnlyForDeploymentPostprocessing = 0;
		};
		39A59B1C193BC1D70083289F /* Frameworks */ = {
			isa = PBXFrameworksBuildPhase;
			buildActionMask = 2147483647;
			files = (
				39A59B21193BC1D70083289F /* XCTest.framework in Frameworks */,
				39A59B23193BC1D70083289F /* UIKit.framework in Frameworks */,
				39A59B22193BC1D70083289F /* Foundation.framework in Frameworks */,
			);
			runOnlyForDeploymentPostprocessing = 0;
		};
/* End PBXFrameworksBuildPhase section */

/* Begin PBXGroup section */
		39A59AF5193BC1D70083289F = {
			isa = PBXGroup;
			children = (
				39A59B07193BC1D70083289F /* Drawing a House */,
				39A59B26193BC1D70083289F /* Drawing a HouseTests */,
				39A59B00193BC1D70083289F /* Frameworks */,
				39A59AFF193BC1D70083289F /* Products */,
			);
			sourceTree = "<group>";
		};
		39A59AFF193BC1D70083289F /* Products */ = {
			isa = PBXGroup;
			children = (
				39A59AFE193BC1D70083289F /* Drawing a House.app */,
				39A59B1F193BC1D70083289F /* Drawing a HouseTests.xctest */,
			);
			name = Products;
			sourceTree = "<group>";
		};
		39A59B00193BC1D70083289F /* Frameworks */ = {
			isa = PBXGroup;
			children = (
				39A59B01193BC1D70083289F /* Foundation.framework */,
				39A59B03193BC1D70083289F /* CoreGraphics.framework */,
				39A59B05193BC1D70083289F /* UIKit.framework */,
				39A59B20193BC1D70083289F /* XCTest.framework */,
			);
			name = Frameworks;
			sourceTree = "<group>";
		};
		39A59B07193BC1D70083289F /* Drawing a House */ = {
			isa = PBXGroup;
			children = (
				39A59B10193BC1D70083289F /* MSAppDelegate.h */,
				39A59B11193BC1D70083289F /* MSAppDelegate.m */,
				39A59B13193BC1D70083289F /* Main.storyboard */,
				39A59B16193BC1D70083289F /* MSViewController.h */,
				39A59B17193BC1D70083289F /* MSViewController.m */,
				39A59B19193BC1D70083289F /* Images.xcassets */,
				39A59B08193BC1D70083289F /* Supporting Files */,
			);
			path = "Drawing a House";
			sourceTree = "<group>";
		};
		39A59B08193BC1D70083289F /* Supporting Files */ = {
			isa = PBXGroup;
			children = (
				39A59B09193BC1D70083289F /* Drawing a House-Info.plist */,
				39A59B0A193BC1D70083289F /* InfoPlist.strings */,
				39A59B0D193BC1D70083289F /* main.m */,
				39A59B0F193BC1D70083289F /* Drawing a House-Prefix.pch */,
			);
			name = "Supporting Files";
			sourceTree = "<group>";
		};
		39A59B26193BC1D70083289F /* Drawing a HouseTests */ = {
			isa = PBXGroup;
			children = (
				39A59B2C193BC1D70083289F /* Drawing_a_HouseTests.m */,
				39A59B27193BC1D70083289F /* Supporting Files */,
			);
			path = "Drawing a HouseTests";
			sourceTree = "<group>";
		};
		39A59B27193BC1D70083289F /* Supporting Files */ = {
			isa = PBXGroup;
			children = (
				39A59B28193BC1D70083289F /* Drawing a HouseTests-Info.plist */,
				39A59B29193BC1D70083289F /* InfoPlist.strings */,
			);
			name = "Supporting Files";
			sourceTree = "<group>";
		};
/* End PBXGroup section */

/* Begin PBXNativeTarget section */
		39A59AFD193BC1D70083289F /* Drawing a House */ = {
			isa = PBXNativeTarget;
			buildConfigurationList = 39A59B30193BC1D70083289F /* Build configuration list for PBXNativeTarget "Drawing a House" */;
			buildPhases = (
				39A59AFA193BC1D70083289F /* Sources */,
				39A59AFB193BC1D70083289F /* Frameworks */,
				39A59AFC193BC1D70083289F /* Resources */,
			);
			buildRules = (
			);
			dependencies = (
			);
			name = "Drawing a House";
			productName = "Drawing a House";
			productReference = 39A59AFE193BC1D70083289F /* Drawing a House.app */;
			productType = "com.apple.product-type.application";
		};
		39A59B1E193BC1D70083289F /* Drawing a HouseTests */ = {
			isa = PBXNativeTarget;
			buildConfigurationList = 39A59B33193BC1D70083289F /* Build configuration list for PBXNativeTarget "Drawing a HouseTests" */;
			buildPhases = (
				39A59B1B193BC1D70083289F /* Sources */,
				39A59B1C193BC1D70083289F /* Frameworks */,
				39A59B1D193BC1D70083289F /* Resources */,
			);
			buildRules = (
			);
			dependencies = (
				39A59B25193BC1D70083289F /* PBXTargetDependency */,
			);
			name = "Drawing a HouseTests";
			productName = "Drawing a HouseTests";
			productReference = 39A59B1F193BC1D70083289F /* Drawing a HouseTests.xctest */;
			productType = "com.apple.product-type.bundle.unit-test";
		};
/* End PBXNativeTarget section */

/* Begin PBXProject section */
		39A59AF6193BC1D70083289F /* Project object */ = {
			isa = PBXProject;
			attributes = {
				CLASSPREFIX = MS;
				LastUpgradeCheck = 0510;
				ORGANIZATIONNAME = "Miguel Serrano";
				TargetAttributes = {
					39A59B1E193BC1D70083289F = {
						TestTargetID = 39A59AFD193BC1D70083289F;
					};
				};
			};
			buildConfigurationList = 39A59AF9193BC1D70083289F /* Build configuration list for PBXProject "Drawing a House" */;
			compatibilityVersion = "Xcode 3.2";
			developmentRegion = English;
			hasScannedForEncodings = 0;
			knownRegions = (
				en,
				Base,
			);
			mainGroup = 39A59AF5193BC1D70083289F;
			productRefGroup = 39A59AFF193BC1D70083289F /* Products */;
			projectDirPath = "";
			projectRoot = "";
			targets = (
				39A59AFD193BC1D70083289F /* Drawing a House */,
				39A59B1E193BC1D70083289F /* Drawing a HouseTests */,
			);
		};
/* End PBXProject section */

/* Begin PBXResourcesBuildPhase section */
		39A59AFC193BC1D70083289F /* Resources */ = {
			isa = PBXResourcesBuildPhase;
			buildActionMask = 2147483647;
			files = (
				39A59B1A193BC1D70083289F /* Images.xcassets in Resources */,
				39A59B0C193BC1D70083289F /* InfoPlist.strings in Resources */,
				39A59B15193BC1D70083289F /* Main.storyboard in Resources */,
			);
			runOnlyForDeploymentPostprocessing = 0;
		};
		39A59B1D193BC1D70083289F /* Resources */ = {
			isa = PBXResourcesBuildPhase;
			buildActionMask = 2147483647;
			files = (
				39A59B2B193BC1D70083289F /* InfoPlist.strings in Resources */,
			);
			runOnlyForDeploymentPostprocessing = 0;
		};
/* End PBXResourcesBuildPhase section */

/* Begin PBXSourcesBuildPhase section */
		39A59AFA193BC1D70083289F /* Sources */ = {
			isa = PBXSourcesBuildPhase;
			buildActionMask = 2147483647;
			files = (
				39A59B12193BC1D70083289F /* MSAppDelegate.m in Sources */,
				39A59B18193BC1D70083289F /* MSViewController.m in Sources */,
				39A59B0E193BC1D70083289F /* main.m in Sources */,
			);
			runOnlyForDeploymentPostprocessing = 0;
		};
		39A59B1B193BC1D70083289F /* Sources */ = {
			isa = PBXSourcesBuildPhase;
			buildActionMask = 2147483647;
			files = (
				39A59B2D193BC1D70083289F /* Drawing_a_HouseTests.m in Sources */,
			);
			runOnlyForDeploymentPostprocessing = 0;
		};
/* End PBXSourcesBuildPhase section */

/* Begin PBXTargetDependency section */
		39A59B25193BC1D70083289F /* PBXTargetDependency */ = {
			isa = PBXTargetDependency;
			target = 39A59AFD193BC1D70083289F /* Drawing a House */;
			targetProxy = 39A59B24193BC1D70083289F /* PBXContainerItemProxy */;
		};
/* End PBXTargetDependency section */

/* Begin PBXVariantGroup section */
		39A59B0A193BC1D70083289F /* InfoPlist.strings */ = {
			isa = PBXVariantGroup;
			children = (
				39A59B0B193BC1D70083289F /* en */,
			);
			name = InfoPlist.strings;
			sourceTree = "<group>";
		};
		39A59B13193BC1D70083289F /* Main.storyboard */ = {
			isa = PBXVariantGroup;
			children = (
				39A59B14193BC1D70083289F /* Base */,
			);
			name = Main.storyboard;
			sourceTree = "<group>";
		};
		39A59B29193BC1D70083289F /* InfoPlist.strings */ = {
			isa = PBXVariantGroup;
			children = (
				39A59B2A193BC1D70083289F /* en */,
			);
			name = InfoPlist.strings;
			sourceTree = "<group>";
		};
/* End PBXVariantGroup section */

/* Begin XCBuildConfiguration section */
		39A59B2E193BC1D70083289F /* Debug */ = {
			isa = XCBuildConfiguration;
			buildSettings = {
				ALWAYS_SEARCH_USER_PATHS = NO;
				CLANG_CXX_LANGUAGE_STANDARD = "gnu++0x";
				CLANG_CXX_LIBRARY = "libc++";
				CLANG_ENABLE_MODULES = YES;
				CLANG_ENABLE_OBJC_ARC = YES;
				CLANG_WARN_BOOL_CONVERSION = YES;
				CLANG_WARN_CONSTANT_CONVERSION = YES;
				CLANG_WARN_DIRECT_OBJC_ISA_USAGE = YES_ERROR;
				CLANG_WARN_EMPTY_BODY = YES;
				CLANG_WARN_ENUM_CONVERSION = YES;
				CLANG_WARN_INT_CONVERSION = YES;
				CLANG_WARN_OBJC_ROOT_CLASS = YES_ERROR;
				CLANG_WARN__DUPLICATE_METHOD_MATCH = YES;
				"CODE_SIGN_IDENTITY[sdk=iphoneos*]" = "iPhone Developer";
				COPY_PHASE_STRIP = NO;
				GCC_C_LANGUAGE_STANDARD = gnu99;
				GCC_DYNAMIC_NO_PIC = NO;
				GCC_OPTIMIZATION_LEVEL = 0;
				GCC_PREPROCESSOR_DEFINITIONS = (
					"DEBUG=1",
					"$(inherited)",
				);
				GCC_SYMBOLS_PRIVATE_EXTERN = NO;
				GCC_WARN_64_TO_32_BIT_CONVERSION = YES;
				GCC_WARN_ABOUT_RETURN_TYPE = YES_ERROR;
				GCC_WARN_UNDECLARED_SELECTOR = YES;
				GCC_WARN_UNINITIALIZED_AUTOS = YES_AGGRESSIVE;
				GCC_WARN_UNUSED_FUNCTION = YES;
				GCC_WARN_UNUSED_VARIABLE = YES;
				IPHONEOS_DEPLOYMENT_TARGET = 7.1;
				ONLY_ACTIVE_ARCH = YES;
				SDKROOT = iphoneos;
			};
			name = Debug;
		};
		39A59B2F193BC1D70083289F /* Release */ = {
			isa = XCBuildConfiguration;
			buildSettings = {
				ALWAYS_SEARCH_USER_PATHS = NO;
				CLANG_CXX_LANGUAGE_STANDARD = "gnu++0x";
				CLANG_CXX_LIBRARY = "libc++";
				CLANG_ENABLE_MODULES = YES;
				CLANG_ENABLE_OBJC_ARC = YES;
				CLANG_WARN_BOOL_CONVERSION = YES;
				CLANG_WARN_CONSTANT_CONVERSION = YES;
				CLANG_WARN_DIRECT_OBJC_ISA_USAGE = YES_ERROR;
				CLANG_WARN_EMPTY_BODY = YES;
				CLANG_WARN_ENUM_CONVERSION = YES;
				CLANG_WARN_INT_CONVERSION = YES;
				CLANG_WARN_OBJC_ROOT_CLASS = YES_ERROR;
				CLANG_WARN__DUPLICATE_METHOD_MATCH = YES;
				"CODE_SIGN_IDENTITY[sdk=iphoneos*]" = "iPhone Developer";
				COPY_PHASE_STRIP = YES;
				ENABLE_NS_ASSERTIONS = NO;
				GCC_C_LANGUAGE_STANDARD = gnu99;
				GCC_WARN_64_TO_32_BIT_CONVERSION = YES;
				GCC_WARN_ABOUT_RETURN_TYPE = YES_ERROR;
				GCC_WARN_UNDECLARED_SELECTOR = YES;
				GCC_WARN_UNINITIALIZED_AUTOS = YES_AGGRESSIVE;
				GCC_WARN_UNUSED_FUNCTION = YES;
				GCC_WARN_UNUSED_VARIABLE = YES;
				IPHONEOS_DEPLOYMENT_TARGET = 7.1;
				SDKROOT = iphoneos;
				VALIDATE_PRODUCT = YES;
			};
			name = Release;
		};
		39A59B31193BC1D70083289F /* Debug */ = {
			isa = XCBuildConfiguration;
			buildSettings = {
				ASSETCATALOG_COMPILER_APPICON_NAME = AppIcon;
				ASSETCATALOG_COMPILER_LAUNCHIMAGE_NAME = LaunchImage;
				GCC_PRECOMPILE_PREFIX_HEADER = YES;
				GCC_PREFIX_HEADER = "Drawing a House/Drawing a House-Prefix.pch";
				INFOPLIST_FILE = "Drawing a House/Drawing a House-Info.plist";
				PRODUCT_NAME = "$(TARGET_NAME)";
				WRAPPER_EXTENSION = app;
			};
			name = Debug;
		};
		39A59B32193BC1D70083289F /* Release */ = {
			isa = XCBuildConfiguration;
			buildSettings = {
				ASSETCATALOG_COMPILER_APPICON_NAME = AppIcon;
				ASSETCATALOG_COMPILER_LAUNCHIMAGE_NAME = LaunchImage;
				GCC_PRECOMPILE_PREFIX_HEADER = YES;
				GCC_PREFIX_HEADER = "Drawing a House/Drawing a House-Prefix.pch";
				INFOPLIST_FILE = "Drawing a House/Drawing a House-Info.plist";
				PRODUCT_NAME = "$(TARGET_NAME)";
				WRAPPER_EXTENSION = app;
			};
			name = Release;
		};
		39A59B34193BC1D70083289F /* Debug */ = {
			isa = XCBuildConfiguration;
			buildSettings = {
				BUNDLE_LOADER = "$(BUILT_PRODUCTS_DIR)/Drawing a House.app/Drawing a House";
				FRAMEWORK_SEARCH_PATHS = (
					"$(SDKROOT)/Developer/Library/Frameworks",
					"$(inherited)",
					"$(DEVELOPER_FRAMEWORKS_DIR)",
				);
				GCC_PRECOMPILE_PREFIX_HEADER = YES;
				GCC_PREFIX_HEADER = "Drawing a House/Drawing a House-Prefix.pch";
				GCC_PREPROCESSOR_DEFINITIONS = (
					"DEBUG=1",
					"$(inherited)",
				);
				INFOPLIST_FILE = "Drawing a HouseTests/Drawing a HouseTests-Info.plist";
				PRODUCT_NAME = "$(TARGET_NAME)";
				TEST_HOST = "$(BUNDLE_LOADER)";
				WRAPPER_EXTENSION = xctest;
			};
			name = Debug;
		};
		39A59B35193BC1D70083289F /* Release */ = {
			isa = XCBuildConfiguration;
			buildSettings = {
				BUNDLE_LOADER = "$(BUILT_PRODUCTS_DIR)/Drawing a House.app/Drawing a House";
				FRAMEWORK_SEARCH_PATHS = (
					"$(SDKROOT)/Developer/Library/Frameworks",
					"$(inherited)",
					"$(DEVELOPER_FRAMEWORKS_DIR)",
				);
				GCC_PRECOMPILE_PREFIX_HEADER = YES;
				GCC_PREFIX_HEADER = "Drawing a House/Drawing a House-Prefix.pch";
				INFOPLIST_FILE = "Drawing a HouseTests/Drawing a HouseTests-Info.plist";
				PRODUCT_NAME = "$(TARGET_NAME)";
				TEST_HOST = "$(BUNDLE_LOADER)";
				WRAPPER_EXTENSION = xctest;
			};
			name = Release;
		};
/* End XCBuildConfiguration section */

/* Begin XCConfigurationList section */
		39A59AF9193BC1D70083289F /* Build configuration list for PBXProject "Drawing a House" */ = {
			isa = XCConfigurationList;
			buildConfigurations = (
				39A59B2E193BC1D70083289F /* Debug */,
				39A59B2F193BC1D70083289F /* Release */,
			);
			defaultConfigurationIsVisible = 0;
			defaultConfigurationName = Release;
		};
		39A59B30193BC1D70083289F /* Build configuration list for PBXNativeTarget "Drawing a House" */ = {
			isa = XCConfigurationList;
			buildConfigurations = (
				39A59B31193BC1D70083289F /* Debug */,
				39A59B32193BC1D70083289F /* Release */,
			);
			defaultConfigurationIsVisible = 0;
		};
		39A59B33193BC1D70083289F /* Build configuration list for PBXNativeTarget "Drawing a HouseTests" */ = {
			isa = XCConfigurationList;
			buildConfigurations = (
				39A59B34193BC1D70083289F /* Debug */,
				39A59B35193BC1D70083289F /* Release */,
			);
			defaultConfigurationIsVisible = 0;
		};
/* End XCConfigurationList section */
	};
	rootObject = 39A59AF6193BC1D70083289F /* Project object */;
}
